lockfileVersion: '6.0'

settings:
  autoInstallPeers: true
  excludeLinksFromLockfile: false

dependencies:
  dprint:
    specifier: ^0.45.0
    version: 0.45.0
  kaboom:
    specifier: ^3000.1.17
    version: 3000.1.17

packages:

  /@dprint/darwin-arm64@0.45.0:
    resolution: {integrity: sha512-pkSSmixIKXr5t32bhXIUbpIBm8F8uhsJcUUvfkFNsRbQvNwRp71ribZpE8dKl0ZFOlAFeWD6WLE8smp/QtiGUA==}
    cpu: [arm64]
    os: [darwin]
    requiresBuild: true
    dev: false
    optional: true

  /@dprint/darwin-x64@0.45.0:
    resolution: {integrity: sha512-PHcXSrRO53KH9N+YPbPtr40NnDo2t7hO7KLMfl2ktRNLjrmKg6F8XDDsr2C7Z11k3jyEEU2Jq8hhpaKHwNapmQ==}
    cpu: [x64]
    os: [darwin]
    requiresBuild: true
    dev: false
    optional: true

  /@dprint/linux-arm64-glibc@0.45.0:
    resolution: {integrity: sha512-NgIpvZHpiQaY4DxSygxknxBtvKE2KLK9dEbUNKNE098yTHhGq7ouPsoM7RtsO34RHJ3tEZLLJEuBHn20XP8LMg==}
    cpu: [arm64]
    os: [linux]
    requiresBuild: true
    dev: false
    optional: true

  /@dprint/linux-arm64-musl@0.45.0:
    resolution: {integrity: sha512-Y8p+FC0RNyKCGQjy99Uh1LSPrlQtUTvo4brdvU1THF3pyWu6Bg1p6NiP5a6SjE/6t9CMKZJz39zPreQtnDkSDA==}
    cpu: [arm64]
    os: [linux]
    requiresBuild: true
    dev: false
    optional: true

  /@dprint/linux-x64-glibc@0.45.0:
    resolution: {integrity: sha512-u03NCZIpJhE5gIl9Q7jNL4sOPBFd/8BLVBiuLoLtbiTZQ+NNudHKgGNATJBU67q1MKpqKnt8/gQm139cJkHhrw==}
    cpu: [x64]
    os: [linux]
    requiresBuild: true
    dev: false
    optional: true

  /@dprint/linux-x64-musl@0.45.0:
    resolution: {integrity: sha512-DQN8LPtxismkeU1X+sQywa80kWwCBcpQh9fXoJcvTEHrgzHBqbG2SEsUZpM12oKEua1KE/iBh+vgZ+4I3TdI2A==}
    cpu: [x64]
    os: [linux]
    requiresBuild: true
    dev: false
    optional: true

  /@dprint/win32-x64@0.45.0:
    resolution: {integrity: sha512-aZHIWG2jIlEp4BER1QG6YYqPd6TxT9S77AeUkWJixNiMEo+33mPRVCBcugRWI/WJWveX8yWFVXkToORtnSFeEA==}
    cpu: [x64]
    os: [win32]
    requiresBuild: true
    dev: false
    optional: true

  /dprint@0.45.0:
    resolution: {integrity: sha512-3444h7V47XoA16qgIWjw3CV/Eo/rQbT/XTGlbJ/6vJ+apQyuo0+M3Ai0GS3wu7X9HBUDcA0zIHA3mOxWNz6toA==}
    hasBin: true
    requiresBuild: true
    optionalDependencies:
      '@dprint/darwin-arm64': 0.45.0
      '@dprint/darwin-x64': 0.45.0
      '@dprint/linux-arm64-glibc': 0.45.0
      '@dprint/linux-arm64-musl': 0.45.0
      '@dprint/linux-x64-glibc': 0.45.0
      '@dprint/linux-x64-musl': 0.45.0
      '@dprint/win32-x64': 0.45.0
    dev: false

  /kaboom@3000.1.17:
    resolution: {integrity: sha512-npAtjGxj9Oj9vLpXfURck9eUPHR2ac1Lhc1bNcZ0NWcs+Lgs40Ty+wjujv1C2DwjWvxaX+3r2G64M35BS/Ry2g==}
    dev: false
